
Microsoft Visual Studio Solution File, Format Version 12.00
# Visual Studio Version 17
VisualStudioVersion = 17.7.34024.191
MinimumVisualStudioVersion = 10.0.40219.1
Project("{FAE04EC0-301F-11D3-BF4B-00C04F79EFBC}") = "PruebaTecnica", "PruebaTecnica\PruebaTecnica.csproj", "{E7109AF9-3D30-41BA-8323-6BB0232AADB3}"
EndProject
Global
	GlobalSection(SolutionConfigurationPlatforms) = preSolution
		Debug|Any CPU = Debug|Any CPU
		Release|Any CPU = Release|Any CPU
	EndGlobalSection
	GlobalSection(ProjectConfigurationPlatforms) = postSolution
		{E7109AF9-3D30-41BA-8323-6BB0232AADB3}.Debug|Any CPU.ActiveCfg = Debug|Any CPU
		{E7109AF9-3D30-41BA-8323-6BB0232AADB3}.Debug|Any CPU.Build.0 = Debug|Any CPU
		{E7109AF9-3D30-41BA-8323-6BB0232AADB3}.Release|Any CPU.ActiveCfg = Release|Any CPU
		{E7109AF9-3D30-41BA-8323-6BB0232AADB3}.Release|Any CPU.Build.0 = Release|Any CPU
	EndGlobalSection
	GlobalSection(SolutionProperties) = preSolution
		HideSolutionNode = FALSE
	EndGlobalSection
	GlobalSection(ExtensibilityGlobals) = postSolution
		SolutionGuid = {718754F6-3EB6-4179-B940-22DB6FDC0E7A}
	EndGlobalSection
EndGlobal
